
Microsoft Visual Studio Solution File, Format Version 12.00
# Visual Studio 15
VisualStudioVersion = 15.0.27130.2036
MinimumVisualStudioVersion = 10.0.40219.1
Project("{8BC9CEB8-8B4A-11D0-8D11-00A0C91BC942}") = "3_1", "3_1\3_1.vcxproj", "{E4E297B2-697C-4309-B6CF-6FD47D540DA0}"
EndProject
Project("{888888A0-9F3D-457C-B088-3A5042F75D52}") = "Utilities", "Utilities\Utilities.pyproj", "{4658B293-92CC-4590-BC73-A40EF5738256}"
EndProject
Project("{8BC9CEB8-8B4A-11D0-8D11-00A0C91BC942}") = "3_2", "3_2\3_2.vcxproj", "{72A5E6D1-0D62-49DE-9263-5CCB3A3B5967}"
EndProject
Project("{8BC9CEB8-8B4A-11D0-8D11-00A0C91BC942}") = "3_3", "3_3\3_3.vcxproj", "{DD14FE59-E22D-47EC-B1D4-C1770E6E328D}"
EndProject
Project("{8BC9CEB8-8B4A-11D0-8D11-00A0C91BC942}") = "3_4", "3_4\3_4.vcxproj", "{3693390E-0CE6-49EE-B582-769797A7774E}"
EndProject
Project("{8BC9CEB8-8B4A-11D0-8D11-00A0C91BC942}") = "3_7", "3_7\3_7.vcxproj", "{2F2A405F-9143-4168-8244-3AAEEA074C83}"
EndProject
Global
	GlobalSection(SolutionConfigurationPlatforms) = preSolution
		Debug|Any CPU = Debug|Any CPU
		Debug|x64 = Debug|x64
		Debug|x86 = Debug|x86
		Release|Any CPU = Release|Any CPU
		Release|x64 = Release|x64
		Release|x86 = Release|x86
	EndGlobalSection
	GlobalSection(ProjectConfigurationPlatforms) = postSolution
		{E4E297B2-697C-4309-B6CF-6FD47D540DA0}.Debug|Any CPU.ActiveCfg = Debug|Win32
		{E4E297B2-697C-4309-B6CF-6FD47D540DA0}.Debug|x64.ActiveCfg = Debug|x64
		{E4E297B2-697C-4309-B6CF-6FD47D540DA0}.Debug|x64.Build.0 = Debug|x64
		{E4E297B2-697C-4309-B6CF-6FD47D540DA0}.Debug|x86.ActiveCfg = Debug|Win32
		{E4E297B2-697C-4309-B6CF-6FD47D540DA0}.Debug|x86.Build.0 = Debug|Win32
		{E4E297B2-697C-4309-B6CF-6FD47D540DA0}.Release|Any CPU.ActiveCfg = Release|Win32
		{E4E297B2-697C-4309-B6CF-6FD47D540DA0}.Release|x64.ActiveCfg = Release|x64
		{E4E297B2-697C-4309-B6CF-6FD47D540DA0}.Release|x64.Build.0 = Release|x64
		{E4E297B2-697C-4309-B6CF-6FD47D540DA0}.Release|x86.ActiveCfg = Release|Win32
		{E4E297B2-697C-4309-B6CF-6FD47D540DA0}.Release|x86.Build.0 = Release|Win32
		{4658B293-92CC-4590-BC73-A40EF5738256}.Debug|Any CPU.ActiveCfg = Debug|Any CPU
		{4658B293-92CC-4590-BC73-A40EF5738256}.Debug|x64.ActiveCfg = Debug|Any CPU
		{4658B293-92CC-4590-BC73-A40EF5738256}.Debug|x86.ActiveCfg = Debug|Any CPU
		{4658B293-92CC-4590-BC73-A40EF5738256}.Release|Any CPU.ActiveCfg = Release|Any CPU
		{4658B293-92CC-4590-BC73-A40EF5738256}.Release|x64.ActiveCfg = Release|Any CPU
		{4658B293-92CC-4590-BC73-A40EF5738256}.Release|x86.ActiveCfg = Release|Any CPU
		{72A5E6D1-0D62-49DE-9263-5CCB3A3B5967}.Debug|Any CPU.ActiveCfg = Debug|Win32
		{72A5E6D1-0D62-49DE-9263-5CCB3A3B5967}.Debug|x64.ActiveCfg = Debug|x64
		{72A5E6D1-0D62-49DE-9263-5CCB3A3B5967}.Debug|x64.Build.0 = Debug|x64
		{72A5E6D1-0D62-49DE-9263-5CCB3A3B5967}.Debug|x86.ActiveCfg = Debug|Win32
		{72A5E6D1-0D62-49DE-9263-5CCB3A3B5967}.Debug|x86.Build.0 = Debug|Win32
		{72A5E6D1-0D62-49DE-9263-5CCB3A3B5967}.Release|Any CPU.ActiveCfg = Release|Win32
		{72A5E6D1-0D62-49DE-9263-5CCB3A3B5967}.Release|x64.ActiveCfg = Release|x64
		{72A5E6D1-0D62-49DE-9263-5CCB3A3B5967}.Release|x64.Build.0 = Release|x64
		{72A5E6D1-0D62-49DE-9263-5CCB3A3B5967}.Release|x86.ActiveCfg = Release|Win32
		{72A5E6D1-0D62-49DE-9263-5CCB3A3B5967}.Release|x86.Build.0 = Release|Win32
		{DD14FE59-E22D-47EC-B1D4-C1770E6E328D}.Debug|Any CPU.ActiveCfg = Debug|Win32
		{DD14FE59-E22D-47EC-B1D4-C1770E6E328D}.Debug|x64.ActiveCfg = Debug|x64
		{DD14FE59-E22D-47EC-B1D4-C1770E6E328D}.Debug|x64.Build.0 = Debug|x64
		{DD14FE59-E22D-47EC-B1D4-C1770E6E328D}.Debug|x86.ActiveCfg = Debug|Win32
		{DD14FE59-E22D-47EC-B1D4-C1770E6E328D}.Debug|x86.Build.0 = Debug|Win32
		{DD14FE59-E22D-47EC-B1D4-C1770E6E328D}.Release|Any CPU.ActiveCfg = Release|Win32
		{DD14FE59-E22D-47EC-B1D4-C1770E6E328D}.Release|x64.ActiveCfg = Release|x64
		{DD14FE59-E22D-47EC-B1D4-C1770E6E328D}.Release|x64.Build.0 = Release|x64
		{DD14FE59-E22D-47EC-B1D4-C1770E6E328D}.Release|x86.ActiveCfg = Release|Win32
		{DD14FE59-E22D-47EC-B1D4-C1770E6E328D}.Release|x86.Build.0 = Release|Win32
		{3693390E-0CE6-49EE-B582-769797A7774E}.Debug|Any CPU.ActiveCfg = Debug|Win32
		{3693390E-0CE6-49EE-B582-769797A7774E}.Debug|x64.ActiveCfg = Debug|x64
		{3693390E-0CE6-49EE-B582-769797A7774E}.Debug|x64.Build.0 = Debug|x64
		{3693390E-0CE6-49EE-B582-769797A7774E}.Debug|x86.ActiveCfg = Debug|Win32
		{3693390E-0CE6-49EE-B582-769797A7774E}.Debug|x86.Build.0 = Debug|Win32
		{3693390E-0CE6-49EE-B582-769797A7774E}.Release|Any CPU.ActiveCfg = Release|Win32
		{3693390E-0CE6-49EE-B582-769797A7774E}.Release|x64.ActiveCfg = Release|x64
		{3693390E-0CE6-49EE-B582-769797A7774E}.Release|x64.Build.0 = Release|x64
		{3693390E-0CE6-49EE-B582-769797A7774E}.Release|x86.ActiveCfg = Release|Win32
		{3693390E-0CE6-49EE-B582-769797A7774E}.Release|x86.Build.0 = Release|Win32
		{2F2A405F-9143-4168-8244-3AAEEA074C83}.Debug|Any CPU.ActiveCfg = Debug|Win32
		{2F2A405F-9143-4168-8244-3AAEEA074C83}.Debug|x64.ActiveCfg = Debug|x64
		{2F2A405F-9143-4168-8244-3AAEEA074C83}.Debug|x64.Build.0 = Debug|x64
		{2F2A405F-9143-4168-8244-3AAEEA074C83}.Debug|x86.ActiveCfg = Debug|Win32
		{2F2A405F-9143-4168-8244-3AAEEA074C83}.Debug|x86.Build.0 = Debug|Win32
		{2F2A405F-9143-4168-8244-3AAEEA074C83}.Release|Any CPU.ActiveCfg = Release|Win32
		{2F2A405F-9143-4168-8244-3AAEEA074C83}.Release|x64.ActiveCfg = Release|x64
		{2F2A405F-9143-4168-8244-3AAEEA074C83}.Release|x64.Build.0 = Release|x64
		{2F2A405F-9143-4168-8244-3AAEEA074C83}.Release|x86.ActiveCfg = Release|Win32
		{2F2A405F-9143-4168-8244-3AAEEA074C83}.Release|x86.Build.0 = Release|Win32
	EndGlobalSection
	GlobalSection(SolutionProperties) = preSolution
		HideSolutionNode = FALSE
	EndGlobalSection
	GlobalSection(ExtensibilityGlobals) = postSolution
		SolutionGuid = {1BED2678-0D7D-4879-9569-C129F9A45354}
	EndGlobalSection
EndGlobal
